// !$*UTF8*$!
{
	archiveVersion = 1;
	classes = {
	};
	objectVersion = 51;
	objects = {

/* Begin PBXBuildFile section */
		43F711C823021DA700E7B527 /* AppDelegate.swift in Sources */ = {isa = PBXBuildFile; fileRef = 43F711C723021DA700E7B527 /* AppDelegate.swift */; };
		43F711CA23021DA700E7B527 /* ViewController.swift in Sources */ = {isa = PBXBuildFile; fileRef = 43F711C923021DA700E7B527 /* ViewController.swift */; };
		43F711CD23021DA700E7B527 /* Main.storyboard in Resources */ = {isa = PBXBuildFile; fileRef = 43F711CB23021DA700E7B527 /* Main.storyboard */; };
		43F711CF23021DA800E7B527 /* Assets.xcassets in Resources */ = {isa = PBXBuildFile; fileRef = 43F711CE23021DA800E7B527 /* Assets.xcassets */; };
		43F711D223021DA800E7B527 /* LaunchScreen.storyboard in Resources */ = {isa = PBXBuildFile; fileRef = 43F711D023021DA800E7B527 /* LaunchScreen.storyboard */; };
		43F711DA23021DC400E7B527 /* HomeController.swift in Sources */ = {isa = PBXBuildFile; fileRef = 43F711D923021DC400E7B527 /* HomeController.swift */; };
		43F711DC23021DD600E7B527 /* HomeHoldingCell.swift in Sources */ = {isa = PBXBuildFile; fileRef = 43F711DB23021DD600E7B527 /* HomeHoldingCell.swift */; };
		43F711DE23021DEA00E7B527 /* StockController.swift in Sources */ = {isa = PBXBuildFile; fileRef = 43F711DD23021DEA00E7B527 /* StockController.swift */; };
		43F711E023021DF900E7B527 /* SearchController.swift in Sources */ = {isa = PBXBuildFile; fileRef = 43F711DF23021DF900E7B527 /* SearchController.swift */; };
		43F711E323021E1100E7B527 /* LearnController.swift in Sources */ = {isa = PBXBuildFile; fileRef = 43F711E223021E1100E7B527 /* LearnController.swift */; };
		43F711E523021E1E00E7B527 /* ProfileController.swift in Sources */ = {isa = PBXBuildFile; fileRef = 43F711E423021E1E00E7B527 /* ProfileController.swift */; };
		43F711E723021E3600E7B527 /* TabBarController.swift in Sources */ = {isa = PBXBuildFile; fileRef = 43F711E623021E3600E7B527 /* TabBarController.swift */; };
		43F711E923022BDA00E7B527 /* Stock.swift in Sources */ = {isa = PBXBuildFile; fileRef = 43F711E823022BDA00E7B527 /* Stock.swift */; };
		43F711EB230253E600E7B527 /* News.swift in Sources */ = {isa = PBXBuildFile; fileRef = 43F711EA230253E600E7B527 /* News.swift */; };
		43F711ED23025B2F00E7B527 /* NewsController.swift in Sources */ = {isa = PBXBuildFile; fileRef = 43F711EC23025B2F00E7B527 /* NewsController.swift */; };
		43F711EF23025B8A00E7B527 /* BaseListController.swift in Sources */ = {isa = PBXBuildFile; fileRef = 43F711EE23025B8A00E7B527 /* BaseListController.swift */; };
		43F711F123025D0800E7B527 /* IndyCells.swift in Sources */ = {isa = PBXBuildFile; fileRef = 43F711F023025D0800E7B527 /* IndyCells.swift */; };
		43F711F323025FBE00E7B527 /* Helper.swift in Sources */ = {isa = PBXBuildFile; fileRef = 43F711F223025FBE00E7B527 /* Helper.swift */; };
		43F711F52302624000E7B527 /* NewsCells.swift in Sources */ = {isa = PBXBuildFile; fileRef = 43F711F42302624000E7B527 /* NewsCells.swift */; };
		456546365C9B3230693710DD /* Pods_OptionDB.framework in Frameworks */ = {isa = PBXBuildFile; fileRef = D68557260893796BD23543F8 /* Pods_OptionDB.framework */; };
/* End PBXBuildFile section */

/* Begin PBXFileReference section */
		00F3116C120771360927A0B6 /* Pods-OptionDB.debug.xcconfig */ = {isa = PBXFileReference; includeInIndex = 1; lastKnownFileType = text.xcconfig; name = "Pods-OptionDB.debug.xcconfig"; path = "Target Support Files/Pods-OptionDB/Pods-OptionDB.debug.xcconfig"; sourceTree = "<group>"; };
		43F711C423021DA700E7B527 /* OptionDB.app */ = {isa = PBXFileReference; explicitFileType = wrapper.application; includeInIndex = 0; path = OptionDB.app; sourceTree = BUILT_PRODUCTS_DIR; };
		43F711C723021DA700E7B527 /* AppDelegate.swift */ = {isa = PBXFileReference; lastKnownFileType = sourcecode.swift; path = AppDelegate.swift; sourceTree = "<group>"; };
		43F711C923021DA700E7B527 /* ViewController.swift */ = {isa = PBXFileReference; lastKnownFileType = sourcecode.swift; path = ViewController.swift; sourceTree = "<group>"; };
		43F711CC23021DA700E7B527 /* Base */ = {isa = PBXFileReference; lastKnownFileType = file.storyboard; name = Base; path = Base.lproj/Main.storyboard; sourceTree = "<group>"; };
		43F711CE23021DA800E7B527 /* Assets.xcassets */ = {isa = PBXFileReference; lastKnownFileType = folder.assetcatalog; path = Assets.xcassets; sourceTree = "<group>"; };
		43F711D123021DA800E7B527 /* Base */ = {isa = PBXFileReference; lastKnownFileType = file.storyboard; name = Base; path = Base.lproj/LaunchScreen.storyboard; sourceTree = "<group>"; };
		43F711D323021DA800E7B527 /* Info.plist */ = {isa = PBXFileReference; lastKnownFileType = text.plist.xml; path = Info.plist; sourceTree = "<group>"; };
		43F711D923021DC400E7B527 /* HomeController.swift */ = {isa = PBXFileReference; lastKnownFileType = sourcecode.swift; path = HomeController.swift; sourceTree = "<group>"; };
		43F711DB23021DD600E7B527 /* HomeHoldingCell.swift */ = {isa = PBXFileReference; lastKnownFileType = sourcecode.swift; path = HomeHoldingCell.swift; sourceTree = "<group>"; };
		43F711DD23021DEA00E7B527 /* StockController.swift */ = {isa = PBXFileReference; lastKnownFileType = sourcecode.swift; path = StockController.swift; sourceTree = "<group>"; };
		43F711DF23021DF900E7B527 /* SearchController.swift */ = {isa = PBXFileReference; lastKnownFileType = sourcecode.swift; path = SearchController.swift; sourceTree = "<group>"; };
		43F711E223021E1100E7B527 /* LearnController.swift */ = {isa = PBXFileReference; lastKnownFileType = sourcecode.swift; path = LearnController.swift; sourceTree = "<group>"; };
		43F711E423021E1E00E7B527 /* ProfileController.swift */ = {isa = PBXFileReference; lastKnownFileType = sourcecode.swift; path = ProfileController.swift; sourceTree = "<group>"; };
		43F711E623021E3600E7B527 /* TabBarController.swift */ = {isa = PBXFileReference; lastKnownFileType = sourcecode.swift; path = TabBarController.swift; sourceTree = "<group>"; };
		43F711E823022BDA00E7B527 /* Stock.swift */ = {isa = PBXFileReference; lastKnownFileType = sourcecode.swift; path = Stock.swift; sourceTree = "<group>"; };
		43F711EA230253E600E7B527 /* News.swift */ = {isa = PBXFileReference; lastKnownFileType = sourcecode.swift; path = News.swift; sourceTree = "<group>"; };
		43F711EC23025B2F00E7B527 /* NewsController.swift */ = {isa = PBXFileReference; lastKnownFileType = sourcecode.swift; path = NewsController.swift; sourceTree = "<group>"; };
		43F711EE23025B8A00E7B527 /* BaseListController.swift */ = {isa = PBXFileReference; lastKnownFileType = sourcecode.swift; path = BaseListController.swift; sourceTree = "<group>"; };
		43F711F023025D0800E7B527 /* IndyCells.swift */ = {isa = PBXFileReference; lastKnownFileType = sourcecode.swift; path = IndyCells.swift; sourceTree = "<group>"; };
		43F711F223025FBE00E7B527 /* Helper.swift */ = {isa = PBXFileReference; lastKnownFileType = sourcecode.swift; path = Helper.swift; sourceTree = "<group>"; };
		43F711F42302624000E7B527 /* NewsCells.swift */ = {isa = PBXFileReference; lastKnownFileType = sourcecode.swift; path = NewsCells.swift; sourceTree = "<group>"; };
		D68557260893796BD23543F8 /* Pods_OptionDB.framework */ = {isa = PBXFileReference; explicitFileType = wrapper.framework; includeInIndex = 0; path = Pods_OptionDB.framework; sourceTree = BUILT_PRODUCTS_DIR; };
		E1AF149803DA647692266A5B /* Pods-OptionDB.release.xcconfig */ = {isa = PBXFileReference; includeInIndex = 1; lastKnownFileType = text.xcconfig; name = "Pods-OptionDB.release.xcconfig"; path = "Target Support Files/Pods-OptionDB/Pods-OptionDB.release.xcconfig"; sourceTree = "<group>"; };
/* End PBXFileReference section */

/* Begin PBXFrameworksBuildPhase section */
		43F711C123021DA700E7B527 /* Frameworks */ = {
			isa = PBXFrameworksBuildPhase;
			buildActionMask = 2147483647;
			files = (
				456546365C9B3230693710DD /* Pods_OptionDB.framework in Frameworks */,
			);
			runOnlyForDeploymentPostprocessing = 0;
		};
/* End PBXFrameworksBuildPhase section */

/* Begin PBXGroup section */
		4032F1E5AAAC8C5A74716723 /* Frameworks */ = {
			isa = PBXGroup;
			children = (
				D68557260893796BD23543F8 /* Pods_OptionDB.framework */,
			);
			name = Frameworks;
			sourceTree = "<group>";
		};
		43F711BB23021DA700E7B527 = {
			isa = PBXGroup;
			children = (
				43F711C623021DA700E7B527 /* OptionDB */,
				43F711C523021DA700E7B527 /* Products */,
				D53044DC6241ED326FA2C240 /* Pods */,
				4032F1E5AAAC8C5A74716723 /* Frameworks */,
			);
			sourceTree = "<group>";
		};
		43F711C523021DA700E7B527 /* Products */ = {
			isa = PBXGroup;
			children = (
				43F711C423021DA700E7B527 /* OptionDB.app */,
			);
			name = Products;
			sourceTree = "<group>";
		};
		43F711C623021DA700E7B527 /* OptionDB */ = {
			isa = PBXGroup;
			children = (
				43F711C723021DA700E7B527 /* AppDelegate.swift */,
				43F711E823022BDA00E7B527 /* Stock.swift */,
				43F711EA230253E600E7B527 /* News.swift */,
				43F711E123021E0100E7B527 /* Home */,
				43F711EE23025B8A00E7B527 /* BaseListController.swift */,
				43F711F223025FBE00E7B527 /* Helper.swift */,
				43F711DF23021DF900E7B527 /* SearchController.swift */,
				43F711E223021E1100E7B527 /* LearnController.swift */,
				43F711E423021E1E00E7B527 /* ProfileController.swift */,
				43F711E623021E3600E7B527 /* TabBarController.swift */,
				43F711C923021DA700E7B527 /* ViewController.swift */,
				43F711CB23021DA700E7B527 /* Main.storyboard */,
				43F711CE23021DA800E7B527 /* Assets.xcassets */,
				43F711D023021DA800E7B527 /* LaunchScreen.storyboard */,
				43F711D323021DA800E7B527 /* Info.plist */,
			);
			path = OptionDB;
			sourceTree = "<group>";
		};
		43F711E123021E0100E7B527 /* Home */ = {
			isa = PBXGroup;
			children = (
				43F711D923021DC400E7B527 /* HomeController.swift */,
				43F711DB23021DD600E7B527 /* HomeHoldingCell.swift */,
				43F711DD23021DEA00E7B527 /* StockController.swift */,
				43F711F023025D0800E7B527 /* IndyCells.swift */,
				43F711EC23025B2F00E7B527 /* NewsController.swift */,
				43F711F42302624000E7B527 /* NewsCells.swift */,
			);
			path = Home;
			sourceTree = "<group>";
		};
		D53044DC6241ED326FA2C240 /* Pods */ = {
			isa = PBXGroup;
			children = (
				00F3116C120771360927A0B6 /* Pods-OptionDB.debug.xcconfig */,
				E1AF149803DA647692266A5B /* Pods-OptionDB.release.xcconfig */,
			);
			path = Pods;
			sourceTree = "<group>";
		};
/* End PBXGroup section */

/* Begin PBXNativeTarget section */
		43F711C323021DA700E7B527 /* OptionDB */ = {
			isa = PBXNativeTarget;
			buildConfigurationList = 43F711D623021DA800E7B527 /* Build configuration list for PBXNativeTarget "OptionDB" */;
			buildPhases = (
				B1E1FFF46DB936B59BDDC241 /* [CP] Check Pods Manifest.lock */,
				43F711C023021DA700E7B527 /* Sources */,
				43F711C123021DA700E7B527 /* Frameworks */,
				43F711C223021DA700E7B527 /* Resources */,
				9D01436DB588A4496EE6453A /* [CP] Embed Pods Frameworks */,
			);
			buildRules = (
			);
			dependencies = (
			);
			name = OptionDB;
			productName = OptionDB;
			productReference = 43F711C423021DA700E7B527 /* OptionDB.app */;
			productType = "com.apple.product-type.application";
		};
/* End PBXNativeTarget section */

/* Begin PBXProject section */
		43F711BC23021DA700E7B527 /* Project object */ = {
			isa = PBXProject;
			attributes = {
				LastSwiftUpdateCheck = 1020;
				LastUpgradeCheck = 1020;
				ORGANIZATIONNAME = "Connor Lagana";
				TargetAttributes = {
					43F711C323021DA700E7B527 = {
						CreatedOnToolsVersion = 10.2.1;
					};
				};
			};
			buildConfigurationList = 43F711BF23021DA700E7B527 /* Build configuration list for PBXProject "OptionDB" */;
			compatibilityVersion = "Xcode 9.3";
			developmentRegion = en;
			hasScannedForEncodings = 0;
			knownRegions = (
				en,
				Base,
			);
			mainGroup = 43F711BB23021DA700E7B527;
			productRefGroup = 43F711C523021DA700E7B527 /* Products */;
			projectDirPath = "";
			projectRoot = "";
			targets = (
				43F711C323021DA700E7B527 /* OptionDB */,
			);
		};
/* End PBXProject section */

/* Begin PBXResourcesBuildPhase section */
		43F711C223021DA700E7B527 /* Resources */ = {
			isa = PBXResourcesBuildPhase;
			buildActionMask = 2147483647;
			files = (
				43F711D223021DA800E7B527 /* LaunchScreen.storyboard in Resources */,
				43F711CF23021DA800E7B527 /* Assets.xcassets in Resources */,
				43F711CD23021DA700E7B527 /* Main.storyboard in Resources */,
			);
			runOnlyForDeploymentPostprocessing = 0;
		};
/* End PBXResourcesBuildPhase section */

/* Begin PBXShellScriptBuildPhase section */
		9D01436DB588A4496EE6453A /* [CP] Embed Pods Frameworks */ = {
			isa = PBXShellScriptBuildPhase;
			buildActionMask = 2147483647;
			files = (
			);
			inputFileListPaths = (
				"${PODS_ROOT}/Target Support Files/Pods-OptionDB/Pods-OptionDB-frameworks-${CONFIGURATION}-input-files.xcfilelist",
			);
			name = "[CP] Embed Pods Frameworks";
			outputFileListPaths = (
				"${PODS_ROOT}/Target Support Files/Pods-OptionDB/Pods-OptionDB-frameworks-${CONFIGURATION}-output-files.xcfilelist",
			);
			runOnlyForDeploymentPostprocessing = 0;
			shellPath = /bin/sh;
			shellScript = "\"${PODS_ROOT}/Target Support Files/Pods-OptionDB/Pods-OptionDB-frameworks.sh\"\n";
			showEnvVarsInLog = 0;
		};
		B1E1FFF46DB936B59BDDC241 /* [CP] Check Pods Manifest.lock */ = {
			isa = PBXShellScriptBuildPhase;
			buildActionMask = 2147483647;
			files = (
			);
			inputFileListPaths = (
			);
			inputPaths = (
				"${PODS_PODFILE_DIR_PATH}/Podfile.lock",
				"${PODS_ROOT}/Manifest.lock",
			);
			name = "[CP] Check Pods Manifest.lock";
			outputFileListPaths = (
			);
			outputPaths = (
				"$(DERIVED_FILE_DIR)/Pods-OptionDB-checkManifestLockResult.txt",
			);
			runOnlyForDeploymentPostprocessing = 0;
			shellPath = /bin/sh;
			shellScript = "diff \"${PODS_PODFILE_DIR_PATH}/Podfile.lock\" \"${PODS_ROOT}/Manifest.lock\" > /dev/null\nif [ $? != 0 ] ; then\n    # print error to STDERR\n    echo \"error: The sandbox is not in sync with the Podfile.lock. Run 'pod install' or update your CocoaPods installation.\" >&2\n    exit 1\nfi\n# This output is used by Xcode 'outputs' to avoid re-running this script phase.\necho \"SUCCESS\" > \"${SCRIPT_OUTPUT_FILE_0}\"\n";
			showEnvVarsInLog = 0;
		};
/* End PBXShellScriptBuildPhase section */

/* Begin PBXSourcesBuildPhase section */
		43F711C023021DA700E7B527 /* Sources */ = {
			isa = PBXSourcesBuildPhase;
			buildActionMask = 2147483647;
			files = (
				43F711ED23025B2F00E7B527 /* NewsController.swift in Sources */,
				43F711CA23021DA700E7B527 /* ViewController.swift in Sources */,
				43F711F323025FBE00E7B527 /* Helper.swift in Sources */,
				43F711E023021DF900E7B527 /* SearchController.swift in Sources */,
				43F711C823021DA700E7B527 /* AppDelegate.swift in Sources */,
				43F711E723021E3600E7B527 /* TabBarController.swift in Sources */,
				43F711EF23025B8A00E7B527 /* BaseListController.swift in Sources */,
				43F711DE23021DEA00E7B527 /* StockController.swift in Sources */,
				43F711DC23021DD600E7B527 /* HomeHoldingCell.swift in Sources */,
				43F711EB230253E600E7B527 /* News.swift in Sources */,
				43F711F52302624000E7B527 /* NewsCells.swift in Sources */,
				43F711E323021E1100E7B527 /* LearnController.swift in Sources */,
				43F711DA23021DC400E7B527 /* HomeController.swift in Sources */,
				43F711F123025D0800E7B527 /* IndyCells.swift in Sources */,
				43F711E923022BDA00E7B527 /* Stock.swift in Sources */,
				43F711E523021E1E00E7B527 /* ProfileController.swift in Sources */,
			);
			runOnlyForDeploymentPostprocessing = 0;
		};
/* End PBXSourcesBuildPhase section */

/* Begin PBXVariantGroup section */
		43F711CB23021DA700E7B527 /* Main.storyboard */ = {
			isa = PBXVariantGroup;
			children = (
				43F711CC23021DA700E7B527 /* Base */,
			);
			name = Main.storyboard;
			sourceTree = "<group>";
		};
		43F711D023021DA800E7B527 /* LaunchScreen.storyboard */ = {
			isa = PBXVariantGroup;
			children = (
				43F711D123021DA800E7B527 /* Base */,
			);
			name = LaunchScreen.storyboard;
			sourceTree = "<group>";
		};
/* End PBXVariantGroup section */

/* Begin XCBuildConfiguration section */
		43F711D423021DA800E7B527 /* Debug */ = {
			isa = XCBuildConfiguration;
			buildSettings = {
				ALWAYS_SEARCH_USER_PATHS = NO;
				CLANG_ANALYZER_NONNULL = YES;
				CLANG_ANALYZER_NUMBER_OBJECT_CONVERSION = YES_AGGRESSIVE;
				CLANG_CXX_LANGUAGE_STANDARD = "gnu++14";
				CLANG_CXX_LIBRARY = "libc++";
				CLANG_ENABLE_MODULES = YES;
				CLANG_ENABLE_OBJC_ARC = YES;
				CLANG_ENABLE_OBJC_WEAK = YES;
				CLANG_WARN_BLOCK_CAPTURE_AUTORELEASING = YES;
				CLANG_WARN_BOOL_CONVERSION = YES;
				CLANG_WARN_COMMA = YES;
				CLANG_WARN_CONSTANT_CONVERSION = YES;
				CLANG_WARN_DEPRECATED_OBJC_IMPLEMENTATIONS = YES;
				CLANG_WARN_DIRECT_OBJC_ISA_USAGE = YES_ERROR;
				CLANG_WARN_DOCUMENTATION_COMMENTS = YES;
				CLANG_WARN_EMPTY_BODY = YES;
				CLANG_WARN_ENUM_CONVERSION = YES;
				CLANG_WARN_INFINITE_RECURSION = YES;
				CLANG_WARN_INT_CONVERSION = YES;
				CLANG_WARN_NON_LITERAL_NULL_CONVERSION = YES;
				CLANG_WARN_OBJC_IMPLICIT_RETAIN_SELF = YES;
				CLANG_WARN_OBJC_LITERAL_CONVERSION = YES;
				CLANG_WARN_OBJC_ROOT_CLASS = YES_ERROR;
				CLANG_WARN_RANGE_LOOP_ANALYSIS = YES;
				CLANG_WARN_STRICT_PROTOTYPES = YES;
				CLANG_WARN_SUSPICIOUS_MOVE = YES;
				CLANG_WARN_UNGUARDED_AVAILABILITY = YES_AGGRESSIVE;
				CLANG_WARN_UNREACHABLE_CODE = YES;
				CLANG_WARN__DUPLICATE_METHOD_MATCH = YES;
				CODE_SIGN_IDENTITY = "iPhone Developer";
				COPY_PHASE_STRIP = NO;
				DEBUG_INFORMATION_FORMAT = dwarf;
				ENABLE_STRICT_OBJC_MSGSEND = YES;
				ENABLE_TESTABILITY = YES;
				GCC_C_LANGUAGE_STANDARD = gnu11;
				GCC_DYNAMIC_NO_PIC = NO;
				GCC_NO_COMMON_BLOCKS = YES;
				GCC_OPTIMIZATION_LEVEL = 0;
				GCC_PREPROCESSOR_DEFINITIONS = (
					"DEBUG=1",
					"$(inherited)",
				);
				GCC_WARN_64_TO_32_BIT_CONVERSION = YES;
				GCC_WARN_ABOUT_RETURN_TYPE = YES_ERROR;
				GCC_WARN_UNDECLARED_SELECTOR = YES;
				GCC_WARN_UNINITIALIZED_AUTOS = YES_AGGRESSIVE;
				GCC_WARN_UNUSED_FUNCTION = YES;
				GCC_WARN_UNUSED_VARIABLE = YES;
				IPHONEOS_DEPLOYMENT_TARGET = 12.2;
				MTL_ENABLE_DEBUG_INFO = INCLUDE_SOURCE;
				MTL_FAST_MATH = YES;
				ONLY_ACTIVE_ARCH = YES;
				SDKROOT = iphoneos;
				SWIFT_ACTIVE_COMPILATION_CONDITIONS = DEBUG;
				SWIFT_OPTIMIZATION_LEVEL = "-Onone";
			};
			name = Debug;
		};
		43F711D523021DA800E7B527 /* Release */ = {
			isa = XCBuildConfiguration;
			buildSettings = {
				ALWAYS_SEARCH_USER_PATHS = NO;
				CLANG_ANALYZER_NONNULL = YES;
				CLANG_ANALYZER_NUMBER_OBJECT_CONVERSION = YES_AGGRESSIVE;
				CLANG_CXX_LANGUAGE_STANDARD = "gnu++14";
				CLANG_CXX_LIBRARY = "libc++";
				CLANG_ENABLE_MODULES = YES;
				CLANG_ENABLE_OBJC_ARC = YES;
				CLANG_ENABLE_OBJC_WEAK = YES;
				CLANG_WARN_BLOCK_CAPTURE_AUTORELEASING = YES;
				CLANG_WARN_BOOL_CONVERSION = YES;
				CLANG_WARN_COMMA = YES;
				CLANG_WARN_CONSTANT_CONVERSION = YES;
				CLANG_WARN_DEPRECATED_OBJC_IMPLEMENTATIONS = YES;
				CLANG_WARN_DIRECT_OBJC_ISA_USAGE = YES_ERROR;
				CLANG_WARN_DOCUMENTATION_COMMENTS = YES;
				CLANG_WARN_EMPTY_BODY = YES;
				CLANG_WARN_ENUM_CONVERSION = YES;
				CLANG_WARN_INFINITE_RECURSION = YES;
				CLANG_WARN_INT_CONVERSION = YES;
				CLANG_WARN_NON_LITERAL_NULL_CONVERSION = YES;
				CLANG_WARN_OBJC_IMPLICIT_RETAIN_SELF = YES;
				CLANG_WARN_OBJC_LITERAL_CONVERSION = YES;
				CLANG_WARN_OBJC_ROOT_CLASS = YES_ERROR;
				CLANG_WARN_RANGE_LOOP_ANALYSIS = YES;
				CLANG_WARN_STRICT_PROTOTYPES = YES;
				CLANG_WARN_SUSPICIOUS_MOVE = YES;
				CLANG_WARN_UNGUARDED_AVAILABILITY = YES_AGGRESSIVE;
				CLANG_WARN_UNREACHABLE_CODE = YES;
				CLANG_WARN__DUPLICATE_METHOD_MATCH = YES;
				CODE_SIGN_IDENTITY = "iPhone Developer";
				COPY_PHASE_STRIP = NO;
				DEBUG_INFORMATION_FORMAT = "dwarf-with-dsym";
				ENABLE_NS_ASSERTIONS = NO;
				ENABLE_STRICT_OBJC_MSGSEND = YES;
				GCC_C_LANGUAGE_STANDARD = gnu11;
				GCC_NO_COMMON_BLOCKS = YES;
				GCC_WARN_64_TO_32_BIT_CONVERSION = YES;
				GCC_WARN_ABOUT_RETURN_TYPE = YES_ERROR;
				GCC_WARN_UNDECLARED_SELECTOR = YES;
				GCC_WARN_UNINITIALIZED_AUTOS = YES_AGGRESSIVE;
				GCC_WARN_UNUSED_FUNCTION = YES;
				GCC_WARN_UNUSED_VARIABLE = YES;
				IPHONEOS_DEPLOYMENT_TARGET = 12.2;
				MTL_ENABLE_DEBUG_INFO = NO;
				MTL_FAST_MATH = YES;
				SDKROOT = iphoneos;
				SWIFT_COMPILATION_MODE = wholemodule;
				SWIFT_OPTIMIZATION_LEVEL = "-O";
				VALIDATE_PRODUCT = YES;
			};
			name = Release;
		};
		43F711D723021DA800E7B527 /* Debug */ = {
			isa = XCBuildConfiguration;
			baseConfigurationReference = 00F3116C120771360927A0B6 /* Pods-OptionDB.debug.xcconfig */;
			buildSettings = {
				ASSETCATALOG_COMPILER_APPICON_NAME = AppIcon;
				CODE_SIGN_STYLE = Automatic;
				DEVELOPMENT_TEAM = 977B62V6NR;
				INFOPLIST_FILE = OptionDB/Info.plist;
				LD_RUNPATH_SEARCH_PATHS = (
					"$(inherited)",
					"@executable_path/Frameworks",
				);
				PRODUCT_BUNDLE_IDENTIFIER = com.odega.OptionDB;
				PRODUCT_NAME = "$(TARGET_NAME)";
				SWIFT_VERSION = 5.0;
				TARGETED_DEVICE_FAMILY = "1,2";
			};
			name = Debug;
		};
		43F711D823021DA800E7B527 /* Release */ = {
			isa = XCBuildConfiguration;
			baseConfigurationReference = E1AF149803DA647692266A5B /* Pods-OptionDB.release.xcconfig */;
			buildSettings = {
				ASSETCATALOG_COMPILER_APPICON_NAME = AppIcon;
				CODE_SIGN_STYLE = Automatic;
				DEVELOPMENT_TEAM = 977B62V6NR;
				INFOPLIST_FILE = OptionDB/Info.plist;
				LD_RUNPATH_SEARCH_PATHS = (
					"$(inherited)",
					"@executable_path/Frameworks",
				);
				PRODUCT_BUNDLE_IDENTIFIER = com.odega.OptionDB;
				PRODUCT_NAME = "$(TARGET_NAME)";
				SWIFT_VERSION = 5.0;
				TARGETED_DEVICE_FAMILY = "1,2";
			};
			name = Release;
		};
/* End XCBuildConfiguration section */

/* Begin XCConfigurationList section */
		43F711BF23021DA700E7B527 /* Build configuration list for PBXProject "OptionDB" */ = {
			isa = XCConfigurationList;
			buildConfigurations = (
				43F711D423021DA800E7B527 /* Debug */,
				43F711D523021DA800E7B527 /* Release */,
			);
			defaultConfigurationIsVisible = 0;
			defaultConfigurationName = Release;
		};
		43F711D623021DA800E7B527 /* Build configuration list for PBXNativeTarget "OptionDB" */ = {
			isa = XCConfigurationList;
			buildConfigurations = (
				43F711D723021DA800E7B527 /* Debug */,
				43F711D823021DA800E7B527 /* Release */,
			);
			defaultConfigurationIsVisible = 0;
			defaultConfigurationName = Release;
		};
/* End XCConfigurationList section */
	};
	rootObject = 43F711BC23021DA700E7B527 /* Project object */;
}
